// !$*UTF8*$!
{
	archiveVersion = 1;
	classes = {
	};
	objectVersion = 56;
	objects = {

/* Begin PBXBuildFile section */
		969FD30C2C5BEE140048F5DA /* fruitsApp.swift in Sources */ = {isa = PBXBuildFile; fileRef = 969FD30B2C5BEE140048F5DA /* fruitsApp.swift */; };
		969FD30E2C5BEE140048F5DA /* ContentView.swift in Sources */ = {isa = PBXBuildFile; fileRef = 969FD30D2C5BEE140048F5DA /* ContentView.swift */; };
		969FD3102C5BEE170048F5DA /* Assets.xcassets in Resources */ = {isa = PBXBuildFile; fileRef = 969FD30F2C5BEE170048F5DA /* Assets.xcassets */; };
		969FD3132C5BEE170048F5DA /* Preview Assets.xcassets in Resources */ = {isa = PBXBuildFile; fileRef = 969FD3122C5BEE170048F5DA /* Preview Assets.xcassets */; };
		969FD31C2C5C47080048F5DA /* FruitCardView.swift in Sources */ = {isa = PBXBuildFile; fileRef = 969FD31B2C5C47080048F5DA /* FruitCardView.swift */; };
		96B4D2F52C5F5ADF00867D72 /* StartButtonView.swift in Sources */ = {isa = PBXBuildFile; fileRef = 96B4D2F42C5F5ADF00867D72 /* StartButtonView.swift */; };
		96B4D2F72C6071F600867D72 /* OnboardingView.swift in Sources */ = {isa = PBXBuildFile; fileRef = 96B4D2F62C6071F600867D72 /* OnboardingView.swift */; };
		96B4D2FA2C60738800867D72 /* FruitModel.swift in Sources */ = {isa = PBXBuildFile; fileRef = 96B4D2F92C60738800867D72 /* FruitModel.swift */; };
		96B4D2FD2C60744600867D72 /* FruitData.swift in Sources */ = {isa = PBXBuildFile; fileRef = 96B4D2FC2C60744600867D72 /* FruitData.swift */; };
/* End PBXBuildFile section */

/* Begin PBXFileReference section */
		969FD3082C5BEE140048F5DA /* fruits.app */ = {isa = PBXFileReference; explicitFileType = wrapper.application; includeInIndex = 0; path = fruits.app; sourceTree = BUILT_PRODUCTS_DIR; };
		969FD30B2C5BEE140048F5DA /* fruitsApp.swift */ = {isa = PBXFileReference; lastKnownFileType = sourcecode.swift; path = fruitsApp.swift; sourceTree = "<group>"; };
		969FD30D2C5BEE140048F5DA /* ContentView.swift */ = {isa = PBXFileReference; lastKnownFileType = sourcecode.swift; path = ContentView.swift; sourceTree = "<group>"; };
		969FD30F2C5BEE170048F5DA /* Assets.xcassets */ = {isa = PBXFileReference; lastKnownFileType = folder.assetcatalog; path = Assets.xcassets; sourceTree = "<group>"; };
		969FD3122C5BEE170048F5DA /* Preview Assets.xcassets */ = {isa = PBXFileReference; lastKnownFileType = folder.assetcatalog; path = "Preview Assets.xcassets"; sourceTree = "<group>"; };
		969FD31B2C5C47080048F5DA /* FruitCardView.swift */ = {isa = PBXFileReference; lastKnownFileType = sourcecode.swift; path = FruitCardView.swift; sourceTree = "<group>"; };
		96B4D2F42C5F5ADF00867D72 /* StartButtonView.swift */ = {isa = PBXFileReference; lastKnownFileType = sourcecode.swift; path = StartButtonView.swift; sourceTree = "<group>"; };
		96B4D2F62C6071F600867D72 /* OnboardingView.swift */ = {isa = PBXFileReference; lastKnownFileType = sourcecode.swift; path = OnboardingView.swift; sourceTree = "<group>"; };
		96B4D2F92C60738800867D72 /* FruitModel.swift */ = {isa = PBXFileReference; lastKnownFileType = sourcecode.swift; path = FruitModel.swift; sourceTree = "<group>"; };
		96B4D2FC2C60744600867D72 /* FruitData.swift */ = {isa = PBXFileReference; lastKnownFileType = sourcecode.swift; path = FruitData.swift; sourceTree = "<group>"; };
/* End PBXFileReference section */

/* Begin PBXFrameworksBuildPhase section */
		969FD3052C5BEE140048F5DA /* Frameworks */ = {
			isa = PBXFrameworksBuildPhase;
			buildActionMask = 2147483647;
			files = (
			);
			runOnlyForDeploymentPostprocessing = 0;
		};
/* End PBXFrameworksBuildPhase section */

/* Begin PBXGroup section */
		969FD2FF2C5BEE140048F5DA = {
			isa = PBXGroup;
			children = (
				969FD30A2C5BEE140048F5DA /* fruits */,
				969FD3092C5BEE140048F5DA /* Products */,
			);
			sourceTree = "<group>";
		};
		969FD3092C5BEE140048F5DA /* Products */ = {
			isa = PBXGroup;
			children = (
				969FD3082C5BEE140048F5DA /* fruits.app */,
			);
			name = Products;
			sourceTree = "<group>";
		};
		969FD30A2C5BEE140048F5DA /* fruits */ = {
			isa = PBXGroup;
			children = (
				96B4D2FB2C60743700867D72 /* Data */,
				96B4D2F82C60737900867D72 /* Model */,
				969FD31A2C5C46DF0048F5DA /* View */,
				969FD3192C5C46B80048F5DA /* App */,
				969FD30F2C5BEE170048F5DA /* Assets.xcassets */,
				969FD3112C5BEE170048F5DA /* Preview Content */,
			);
			path = fruits;
			sourceTree = "<group>";
		};
		969FD3112C5BEE170048F5DA /* Preview Content */ = {
			isa = PBXGroup;
			children = (
				969FD3122C5BEE170048F5DA /* Preview Assets.xcassets */,
			);
			path = "Preview Content";
			sourceTree = "<group>";
		};
		969FD3192C5C46B80048F5DA /* App */ = {
			isa = PBXGroup;
			children = (
				969FD30B2C5BEE140048F5DA /* fruitsApp.swift */,
				969FD30D2C5BEE140048F5DA /* ContentView.swift */,
				96B4D2F62C6071F600867D72 /* OnboardingView.swift */,
			);
			path = App;
			sourceTree = "<group>";
		};
		969FD31A2C5C46DF0048F5DA /* View */ = {
			isa = PBXGroup;
			children = (
				969FD31B2C5C47080048F5DA /* FruitCardView.swift */,
				96B4D2F42C5F5ADF00867D72 /* StartButtonView.swift */,
			);
			path = View;
			sourceTree = "<group>";
		};
		96B4D2F82C60737900867D72 /* Model */ = {
			isa = PBXGroup;
			children = (
				96B4D2F92C60738800867D72 /* FruitModel.swift */,
			);
			path = Model;
			sourceTree = "<group>";
		};
		96B4D2FB2C60743700867D72 /* Data */ = {
			isa = PBXGroup;
			children = (
				96B4D2FC2C60744600867D72 /* FruitData.swift */,
			);
			path = Data;
			sourceTree = "<group>";
		};
/* End PBXGroup section */

/* Begin PBXNativeTarget section */
		969FD3072C5BEE140048F5DA /* fruits */ = {
			isa = PBXNativeTarget;
			buildConfigurationList = 969FD3162C5BEE170048F5DA /* Build configuration list for PBXNativeTarget "fruits" */;
			buildPhases = (
				969FD3042C5BEE140048F5DA /* Sources */,
				969FD3052C5BEE140048F5DA /* Frameworks */,
				969FD3062C5BEE140048F5DA /* Resources */,
			);
			buildRules = (
			);
			dependencies = (
			);
			name = fruits;
			productName = fruits;
			productReference = 969FD3082C5BEE140048F5DA /* fruits.app */;
			productType = "com.apple.product-type.application";
		};
/* End PBXNativeTarget section */

/* Begin PBXProject section */
		969FD3002C5BEE140048F5DA /* Project object */ = {
			isa = PBXProject;
			attributes = {
				BuildIndependentTargetsInParallel = 1;
				LastSwiftUpdateCheck = 1520;
				LastUpgradeCheck = 1520;
				TargetAttributes = {
					969FD3072C5BEE140048F5DA = {
						CreatedOnToolsVersion = 15.2;
					};
				};
			};
			buildConfigurationList = 969FD3032C5BEE140048F5DA /* Build configuration list for PBXProject "fruits" */;
			compatibilityVersion = "Xcode 14.0";
			developmentRegion = en;
			hasScannedForEncodings = 0;
			knownRegions = (
				en,
				Base,
			);
			mainGroup = 969FD2FF2C5BEE140048F5DA;
			productRefGroup = 969FD3092C5BEE140048F5DA /* Products */;
			projectDirPath = "";
			projectRoot = "";
			targets = (
				969FD3072C5BEE140048F5DA /* fruits */,
			);
		};
/* End PBXProject section */

/* Begin PBXResourcesBuildPhase section */
		969FD3062C5BEE140048F5DA /* Resources */ = {
			isa = PBXResourcesBuildPhase;
			buildActionMask = 2147483647;
			files = (
				969FD3132C5BEE170048F5DA /* Preview Assets.xcassets in Resources */,
				969FD3102C5BEE170048F5DA /* Assets.xcassets in Resources */,
			);
			runOnlyForDeploymentPostprocessing = 0;
		};
/* End PBXResourcesBuildPhase section */

/* Begin PBXSourcesBuildPhase section */
		969FD3042C5BEE140048F5DA /* Sources */ = {
			isa = PBXSourcesBuildPhase;
			buildActionMask = 2147483647;
			files = (
				96B4D2FD2C60744600867D72 /* FruitData.swift in Sources */,
				969FD31C2C5C47080048F5DA /* FruitCardView.swift in Sources */,
				96B4D2F52C5F5ADF00867D72 /* StartButtonView.swift in Sources */,
				969FD30E2C5BEE140048F5DA /* ContentView.swift in Sources */,
				96B4D2F72C6071F600867D72 /* OnboardingView.swift in Sources */,
				96B4D2FA2C60738800867D72 /* FruitModel.swift in Sources */,
				969FD30C2C5BEE140048F5DA /* fruitsApp.swift in Sources */,
			);
			runOnlyForDeploymentPostprocessing = 0;
		};
/* End PBXSourcesBuildPhase section */

/* Begin XCBuildConfiguration section */
		969FD3142C5BEE170048F5DA /* Debug */ = {
			isa = XCBuildConfiguration;
			buildSettings = {
				ALWAYS_SEARCH_USER_PATHS = NO;
				ASSETCATALOG_COMPILER_GENERATE_SWIFT_ASSET_SYMBOL_EXTENSIONS = YES;
				CLANG_ANALYZER_NONNULL = YES;
				CLANG_ANALYZER_NUMBER_OBJECT_CONVERSION = YES_AGGRESSIVE;
				CLANG_CXX_LANGUAGE_STANDARD = "gnu++20";
				CLANG_ENABLE_MODULES = YES;
				CLANG_ENABLE_OBJC_ARC = YES;
				CLANG_ENABLE_OBJC_WEAK = YES;
				CLANG_WARN_BLOCK_CAPTURE_AUTORELEASING = YES;
				CLANG_WARN_BOOL_CONVERSION = YES;
				CLANG_WARN_COMMA = YES;
				CLANG_WARN_CONSTANT_CONVERSION = YES;
				CLANG_WARN_DEPRECATED_OBJC_IMPLEMENTATIONS = YES;
				CLANG_WARN_DIRECT_OBJC_ISA_USAGE = YES_ERROR;
				CLANG_WARN_DOCUMENTATION_COMMENTS = YES;
				CLANG_WARN_EMPTY_BODY = YES;
				CLANG_WARN_ENUM_CONVERSION = YES;
				CLANG_WARN_INFINITE_RECURSION = YES;
				CLANG_WARN_INT_CONVERSION = YES;
				CLANG_WARN_NON_LITERAL_NULL_CONVERSION = YES;
				CLANG_WARN_OBJC_IMPLICIT_RETAIN_SELF = YES;
				CLANG_WARN_OBJC_LITERAL_CONVERSION = YES;
				CLANG_WARN_OBJC_ROOT_CLASS = YES_ERROR;
				CLANG_WARN_QUOTED_INCLUDE_IN_FRAMEWORK_HEADER = YES;
				CLANG_WARN_RANGE_LOOP_ANALYSIS = YES;
				CLANG_WARN_STRICT_PROTOTYPES = YES;
				CLANG_WARN_SUSPICIOUS_MOVE = YES;
				CLANG_WARN_UNGUARDED_AVAILABILITY = YES_AGGRESSIVE;
				CLANG_WARN_UNREACHABLE_CODE = YES;
				CLANG_WARN__DUPLICATE_METHOD_MATCH = YES;
				COPY_PHASE_STRIP = NO;
				DEBUG_INFORMATION_FORMAT = dwarf;
				ENABLE_STRICT_OBJC_MSGSEND = YES;
				ENABLE_TESTABILITY = YES;
				ENABLE_USER_SCRIPT_SANDBOXING = YES;
				GCC_C_LANGUAGE_STANDARD = gnu17;
				GCC_DYNAMIC_NO_PIC = NO;
				GCC_NO_COMMON_BLOCKS = YES;
				GCC_OPTIMIZATION_LEVEL = 0;
				GCC_PREPROCESSOR_DEFINITIONS = (
					"DEBUG=1",
					"$(inherited)",
				);
				GCC_WARN_64_TO_32_BIT_CONVERSION = YES;
				GCC_WARN_ABOUT_RETURN_TYPE = YES_ERROR;
				GCC_WARN_UNDECLARED_SELECTOR = YES;
				GCC_WARN_UNINITIALIZED_AUTOS = YES_AGGRESSIVE;
				GCC_WARN_UNUSED_FUNCTION = YES;
				GCC_WARN_UNUSED_VARIABLE = YES;
				IPHONEOS_DEPLOYMENT_TARGET = 17.2;
				LOCALIZATION_PREFERS_STRING_CATALOGS = YES;
				MTL_ENABLE_DEBUG_INFO = INCLUDE_SOURCE;
				MTL_FAST_MATH = YES;
				ONLY_ACTIVE_ARCH = YES;
				SDKROOT = iphoneos;
				SWIFT_ACTIVE_COMPILATION_CONDITIONS = "DEBUG $(inherited)";
				SWIFT_OPTIMIZATION_LEVEL = "-Onone";
			};
			name = Debug;
		};
		969FD3152C5BEE170048F5DA /* Release */ = {
			isa = XCBuildConfiguration;
			buildSettings = {
				ALWAYS_SEARCH_USER_PATHS = NO;
				ASSETCATALOG_COMPILER_GENERATE_SWIFT_ASSET_SYMBOL_EXTENSIONS = YES;
				CLANG_ANALYZER_NONNULL = YES;
				CLANG_ANALYZER_NUMBER_OBJECT_CONVERSION = YES_AGGRESSIVE;
				CLANG_CXX_LANGUAGE_STANDARD = "gnu++20";
				CLANG_ENABLE_MODULES = YES;
				CLANG_ENABLE_OBJC_ARC = YES;
				CLANG_ENABLE_OBJC_WEAK = YES;
				CLANG_WARN_BLOCK_CAPTURE_AUTORELEASING = YES;
				CLANG_WARN_BOOL_CONVERSION = YES;
				CLANG_WARN_COMMA = YES;
				CLANG_WARN_CONSTANT_CONVERSION = YES;
				CLANG_WARN_DEPRECATED_OBJC_IMPLEMENTATIONS = YES;
				CLANG_WARN_DIRECT_OBJC_ISA_USAGE = YES_ERROR;
				CLANG_WARN_DOCUMENTATION_COMMENTS = YES;
				CLANG_WARN_EMPTY_BODY = YES;
				CLANG_WARN_ENUM_CONVERSION = YES;
				CLANG_WARN_INFINITE_RECURSION = YES;
				CLANG_WARN_INT_CONVERSION = YES;
				CLANG_WARN_NON_LITERAL_NULL_CONVERSION = YES;
				CLANG_WARN_OBJC_IMPLICIT_RETAIN_SELF = YES;
				CLANG_WARN_OBJC_LITERAL_CONVERSION = YES;
				CLANG_WARN_OBJC_ROOT_CLASS = YES_ERROR;
				CLANG_WARN_QUOTED_INCLUDE_IN_FRAMEWORK_HEADER = YES;
				CLANG_WARN_RANGE_LOOP_ANALYSIS = YES;
				CLANG_WARN_STRICT_PROTOTYPES = YES;
				CLANG_WARN_SUSPICIOUS_MOVE = YES;
				CLANG_WARN_UNGUARDED_AVAILABILITY = YES_AGGRESSIVE;
				CLANG_WARN_UNREACHABLE_CODE = YES;
				CLANG_WARN__DUPLICATE_METHOD_MATCH = YES;
				COPY_PHASE_STRIP = NO;
				DEBUG_INFORMATION_FORMAT = "dwarf-with-dsym";
				ENABLE_NS_ASSERTIONS = NO;
				ENABLE_STRICT_OBJC_MSGSEND = YES;
				ENABLE_USER_SCRIPT_SANDBOXING = YES;
				GCC_C_LANGUAGE_STANDARD = gnu17;
				GCC_NO_COMMON_BLOCKS = YES;
				GCC_WARN_64_TO_32_BIT_CONVERSION = YES;
				GCC_WARN_ABOUT_RETURN_TYPE = YES_ERROR;
				GCC_WARN_UNDECLARED_SELECTOR = YES;
				GCC_WARN_UNINITIALIZED_AUTOS = YES_AGGRESSIVE;
				GCC_WARN_UNUSED_FUNCTION = YES;
				GCC_WARN_UNUSED_VARIABLE = YES;
				IPHONEOS_DEPLOYMENT_TARGET = 17.2;
				LOCALIZATION_PREFERS_STRING_CATALOGS = YES;
				MTL_ENABLE_DEBUG_INFO = NO;
				MTL_FAST_MATH = YES;
				SDKROOT = iphoneos;
				SWIFT_COMPILATION_MODE = wholemodule;
				VALIDATE_PRODUCT = YES;
			};
			name = Release;
		};
		969FD3172C5BEE170048F5DA /* Debug */ = {
			isa = XCBuildConfiguration;
			buildSettings = {
				ASSETCATALOG_COMPILER_APPICON_NAME = AppIcon;
				ASSETCATALOG_COMPILER_GLOBAL_ACCENT_COLOR_NAME = AccentColor;
				CODE_SIGN_STYLE = Automatic;
				CURRENT_PROJECT_VERSION = 1;
				DEVELOPMENT_ASSET_PATHS = "\"fruits/Preview Content\"";
				DEVELOPMENT_TEAM = M85VR7MMDY;
				ENABLE_PREVIEWS = YES;
				GENERATE_INFOPLIST_FILE = YES;
				INFOPLIST_KEY_UIApplicationSceneManifest_Generation = YES;
				INFOPLIST_KEY_UIApplicationSupportsIndirectInputEvents = YES;
				INFOPLIST_KEY_UILaunchScreen_Generation = YES;
				INFOPLIST_KEY_UISupportedInterfaceOrientations = "UIInterfaceOrientationLandscapeLeft UIInterfaceOrientationLandscapeRight UIInterfaceOrientationPortrait";
				INFOPLIST_KEY_UISupportedInterfaceOrientations_iPad = UIInterfaceOrientationPortrait;
				IPHONEOS_DEPLOYMENT_TARGET = 17.0;
				LD_RUNPATH_SEARCH_PATHS = (
					"$(inherited)",
					"@executable_path/Frameworks",
				);
				MARKETING_VERSION = 1.0;
				PRODUCT_BUNDLE_IDENTIFIER = com.bagusrizky.fruits;
				PRODUCT_NAME = "$(TARGET_NAME)";
				SUPPORTED_PLATFORMS = "iphoneos iphonesimulator";
				SUPPORTS_MACCATALYST = NO;
				SUPPORTS_MAC_DESIGNED_FOR_IPHONE_IPAD = NO;
				SUPPORTS_XR_DESIGNED_FOR_IPHONE_IPAD = NO;
				SWIFT_EMIT_LOC_STRINGS = YES;
				SWIFT_VERSION = 5.0;
				TARGETED_DEVICE_FAMILY = 1;
			};
			name = Debug;
		};
		969FD3182C5BEE170048F5DA /* Release */ = {
			isa = XCBuildConfiguration;
			buildSettings = {
				ASSETCATALOG_COMPILER_APPICON_NAME = AppIcon;
				ASSETCATALOG_COMPILER_GLOBAL_ACCENT_COLOR_NAME = AccentColor;
				CODE_SIGN_STYLE = Automatic;
				CURRENT_PROJECT_VERSION = 1;
				DEVELOPMENT_ASSET_PATHS = "\"fruits/Preview Content\"";
				DEVELOPMENT_TEAM = M85VR7MMDY;
				ENABLE_PREVIEWS = YES;
				GENERATE_INFOPLIST_FILE = YES;
				INFOPLIST_KEY_UIApplicationSceneManifest_Generation = YES;
				INFOPLIST_KEY_UIApplicationSupportsIndirectInputEvents = YES;
				INFOPLIST_KEY_UILaunchScreen_Generation = YES;
				INFOPLIST_KEY_UISupportedInterfaceOrientations = "UIInterfaceOrientationLandscapeLeft UIInterfaceOrientationLandscapeRight UIInterfaceOrientationPortrait";
				INFOPLIST_KEY_UISupportedInterfaceOrientations_iPad = UIInterfaceOrientationPortrait;
				IPHONEOS_DEPLOYMENT_TARGET = 17.0;
				LD_RUNPATH_SEARCH_PATHS = (
					"$(inherited)",
					"@executable_path/Frameworks",
				);
				MARKETING_VERSION = 1.0;
				PRODUCT_BUNDLE_IDENTIFIER = com.bagusrizky.fruits;
				PRODUCT_NAME = "$(TARGET_NAME)";
				SUPPORTED_PLATFORMS = "iphoneos iphonesimulator";
				SUPPORTS_MACCATALYST = NO;
				SUPPORTS_MAC_DESIGNED_FOR_IPHONE_IPAD = NO;
				SUPPORTS_XR_DESIGNED_FOR_IPHONE_IPAD = NO;
				SWIFT_EMIT_LOC_STRINGS = YES;
				SWIFT_VERSION = 5.0;
				TARGETED_DEVICE_FAMILY = 1;
			};
			name = Release;
		};
/* End XCBuildConfiguration section */

/* Begin XCConfigurationList section */
		969FD3032C5BEE140048F5DA /* Build configuration list for PBXProject "fruits" */ = {
			isa = XCConfigurationList;
			buildConfigurations = (
				969FD3142C5BEE170048F5DA /* Debug */,
				969FD3152C5BEE170048F5DA /* Release */,
			);
			defaultConfigurationIsVisible = 0;
			defaultConfigurationName = Release;
		};
		969FD3162C5BEE170048F5DA /* Build configuration list for PBXNativeTarget "fruits" */ = {
			isa = XCConfigurationList;
			buildConfigurations = (
				969FD3172C5BEE170048F5DA /* Debug */,
				969FD3182C5BEE170048F5DA /* Release */,
			);
			defaultConfigurationIsVisible = 0;
			defaultConfigurationName = Release;
		};
/* End XCConfigurationList section */
	};
	rootObject = 969FD3002C5BEE140048F5DA /* Project object */;
}
